// !$*UTF8*$!
{
	archiveVersion = 1;
	classes = {
	};
	objectVersion = 50;
	objects = {

/* Begin PBXBuildFile section */
		0307014922B1366B0031E317 /* AppDelegate.swift in Sources */ = {isa = PBXBuildFile; fileRef = 0307014822B1366B0031E317 /* AppDelegate.swift */; };
		0307014E22B1366B0031E317 /* Main.storyboard in Resources */ = {isa = PBXBuildFile; fileRef = 0307014C22B1366B0031E317 /* Main.storyboard */; };
		0307015022B1366E0031E317 /* Assets.xcassets in Resources */ = {isa = PBXBuildFile; fileRef = 0307014F22B1366E0031E317 /* Assets.xcassets */; };
		0307015322B1366E0031E317 /* LaunchScreen.storyboard in Resources */ = {isa = PBXBuildFile; fileRef = 0307015122B1366E0031E317 /* LaunchScreen.storyboard */; };
		0307015E22B1366E0031E317 /* WeatherTests.swift in Sources */ = {isa = PBXBuildFile; fileRef = 0307015D22B1366E0031E317 /* WeatherTests.swift */; };
		0307016922B1366E0031E317 /* WeatherUITests.swift in Sources */ = {isa = PBXBuildFile; fileRef = 0307016822B1366E0031E317 /* WeatherUITests.swift */; };
		030701A322B138320031E317 /* Contants.swift in Sources */ = {isa = PBXBuildFile; fileRef = 0307017A22B138320031E317 /* Contants.swift */; };
		030701A622B138320031E317 /* CoreServiceLocator.swift in Sources */ = {isa = PBXBuildFile; fileRef = 0307018022B138320031E317 /* CoreServiceLocator.swift */; };
		030701A722B138320031E317 /* Error.swift in Sources */ = {isa = PBXBuildFile; fileRef = 0307018222B138320031E317 /* Error.swift */; };
		030701AA22B138320031E317 /* BaseApiManager.swift in Sources */ = {isa = PBXBuildFile; fileRef = 0307018822B138320031E317 /* BaseApiManager.swift */; };
		030701AB22B138320031E317 /* UIView.swift in Sources */ = {isa = PBXBuildFile; fileRef = 0307018B22B138320031E317 /* UIView.swift */; };
		030701AC22B138320031E317 /* UITableView.swift in Sources */ = {isa = PBXBuildFile; fileRef = 0307018C22B138320031E317 /* UITableView.swift */; };
		030701AD22B138320031E317 /* UITableViewCell.swift in Sources */ = {isa = PBXBuildFile; fileRef = 0307018D22B138320031E317 /* UITableViewCell.swift */; };
		030701AE22B138320031E317 /* UIImage.swift in Sources */ = {isa = PBXBuildFile; fileRef = 0307018E22B138320031E317 /* UIImage.swift */; };
		030701AF22B138330031E317 /* FrontServiceLocator.swift in Sources */ = {isa = PBXBuildFile; fileRef = 0307019122B138320031E317 /* FrontServiceLocator.swift */; };
		030701B222B138330031E317 /* FlowControllerServiceLocator.swift in Sources */ = {isa = PBXBuildFile; fileRef = 0307019622B138320031E317 /* FlowControllerServiceLocator.swift */; };
		030701B322B138330031E317 /* FlowController.swift in Sources */ = {isa = PBXBuildFile; fileRef = 0307019722B138320031E317 /* FlowController.swift */; };
		030701B922B138330031E317 /* BaseViewController.swift in Sources */ = {isa = PBXBuildFile; fileRef = 030701A022B138320031E317 /* BaseViewController.swift */; };
		030701BA22B138330031E317 /* Presenter.swift in Sources */ = {isa = PBXBuildFile; fileRef = 030701A122B138320031E317 /* Presenter.swift */; };
		030701BD22B1383B0031E317 /* ServiceLocator.swift in Sources */ = {isa = PBXBuildFile; fileRef = 030701BC22B1383B0031E317 /* ServiceLocator.swift */; };
		030701C022B183CA0031E317 /* SearchViewController.swift in Sources */ = {isa = PBXBuildFile; fileRef = 030701BE22B183CA0031E317 /* SearchViewController.swift */; };
		030701C122B183CA0031E317 /* SearchViewController.xib in Resources */ = {isa = PBXBuildFile; fileRef = 030701BF22B183CA0031E317 /* SearchViewController.xib */; };
		030701C322B184190031E317 /* SearchPresenter.swift in Sources */ = {isa = PBXBuildFile; fileRef = 030701C222B184190031E317 /* SearchPresenter.swift */; };
		030701C522B1870D0031E317 /* WeatherRepository.swift in Sources */ = {isa = PBXBuildFile; fileRef = 030701C422B1870D0031E317 /* WeatherRepository.swift */; };
		030701C722B18B410031E317 /* Climate.swift in Sources */ = {isa = PBXBuildFile; fileRef = 030701C622B18B410031E317 /* Climate.swift */; };
		030701C922B18D950031E317 /* CityClimateUseCase.swift in Sources */ = {isa = PBXBuildFile; fileRef = 030701C822B18D950031E317 /* CityClimateUseCase.swift */; };
		030701CD22B190530031E317 /* Loader.xib in Resources */ = {isa = PBXBuildFile; fileRef = 030701CB22B190530031E317 /* Loader.xib */; };
		030701CE22B190530031E317 /* Loader.swift in Sources */ = {isa = PBXBuildFile; fileRef = 030701CC22B190530031E317 /* Loader.swift */; };
		14157CE78A4DEA8D55DF8919 /* Pods_Weather.framework in Frameworks */ = {isa = PBXBuildFile; fileRef = 04DE813BC120B59C3AF08BD3 /* Pods_Weather.framework */; };
		4F8128655C3414B586B78AB8 /* Pods_WeatherTests.framework in Frameworks */ = {isa = PBXBuildFile; fileRef = 455E92D0CD34F7AA33FE713C /* Pods_WeatherTests.framework */; };
		8DD98F22B93A4164C2C6608B /* Pods_WeatherUITests.framework in Frameworks */ = {isa = PBXBuildFile; fileRef = B296909E83DE7A686C5C0DFD /* Pods_WeatherUITests.framework */; };
/* End PBXBuildFile section */

/* Begin PBXContainerItemProxy section */
		0307015A22B1366E0031E317 /* PBXContainerItemProxy */ = {
			isa = PBXContainerItemProxy;
			containerPortal = 0307013D22B1366B0031E317 /* Project object */;
			proxyType = 1;
			remoteGlobalIDString = 0307014422B1366B0031E317;
			remoteInfo = Weather;
		};
		0307016522B1366E0031E317 /* PBXContainerItemProxy */ = {
			isa = PBXContainerItemProxy;
			containerPortal = 0307013D22B1366B0031E317 /* Project object */;
			proxyType = 1;
			remoteGlobalIDString = 0307014422B1366B0031E317;
			remoteInfo = Weather;
		};
/* End PBXContainerItemProxy section */

/* Begin PBXFileReference section */
		0307014522B1366B0031E317 /* Weather.app */ = {isa = PBXFileReference; explicitFileType = wrapper.application; includeInIndex = 0; path = Weather.app; sourceTree = BUILT_PRODUCTS_DIR; };
		0307014822B1366B0031E317 /* AppDelegate.swift */ = {isa = PBXFileReference; lastKnownFileType = sourcecode.swift; path = AppDelegate.swift; sourceTree = "<group>"; };
		0307014D22B1366B0031E317 /* Base */ = {isa = PBXFileReference; lastKnownFileType = file.storyboard; name = Base; path = Base.lproj/Main.storyboard; sourceTree = "<group>"; };
		0307014F22B1366E0031E317 /* Assets.xcassets */ = {isa = PBXFileReference; lastKnownFileType = folder.assetcatalog; path = Assets.xcassets; sourceTree = "<group>"; };
		0307015222B1366E0031E317 /* Base */ = {isa = PBXFileReference; lastKnownFileType = file.storyboard; name = Base; path = Base.lproj/LaunchScreen.storyboard; sourceTree = "<group>"; };
		0307015422B1366E0031E317 /* Info.plist */ = {isa = PBXFileReference; lastKnownFileType = text.plist.xml; path = Info.plist; sourceTree = "<group>"; };
		0307015922B1366E0031E317 /* WeatherTests.xctest */ = {isa = PBXFileReference; explicitFileType = wrapper.cfbundle; includeInIndex = 0; path = WeatherTests.xctest; sourceTree = BUILT_PRODUCTS_DIR; };
		0307015D22B1366E0031E317 /* WeatherTests.swift */ = {isa = PBXFileReference; lastKnownFileType = sourcecode.swift; path = WeatherTests.swift; sourceTree = "<group>"; };
		0307015F22B1366E0031E317 /* Info.plist */ = {isa = PBXFileReference; lastKnownFileType = text.plist.xml; path = Info.plist; sourceTree = "<group>"; };
		0307016422B1366E0031E317 /* WeatherUITests.xctest */ = {isa = PBXFileReference; explicitFileType = wrapper.cfbundle; includeInIndex = 0; path = WeatherUITests.xctest; sourceTree = BUILT_PRODUCTS_DIR; };
		0307016822B1366E0031E317 /* WeatherUITests.swift */ = {isa = PBXFileReference; lastKnownFileType = sourcecode.swift; path = WeatherUITests.swift; sourceTree = "<group>"; };
		0307016A22B1366E0031E317 /* Info.plist */ = {isa = PBXFileReference; lastKnownFileType = text.plist.xml; path = Info.plist; sourceTree = "<group>"; };
		0307017A22B138320031E317 /* Contants.swift */ = {isa = PBXFileReference; fileEncoding = 4; lastKnownFileType = sourcecode.swift; path = Contants.swift; sourceTree = "<group>"; };
		0307018022B138320031E317 /* CoreServiceLocator.swift */ = {isa = PBXFileReference; fileEncoding = 4; lastKnownFileType = sourcecode.swift; path = CoreServiceLocator.swift; sourceTree = "<group>"; };
		0307018222B138320031E317 /* Error.swift */ = {isa = PBXFileReference; fileEncoding = 4; lastKnownFileType = sourcecode.swift; path = Error.swift; sourceTree = "<group>"; };
		0307018822B138320031E317 /* BaseApiManager.swift */ = {isa = PBXFileReference; fileEncoding = 4; lastKnownFileType = sourcecode.swift; path = BaseApiManager.swift; sourceTree = "<group>"; };
		0307018B22B138320031E317 /* UIView.swift */ = {isa = PBXFileReference; fileEncoding = 4; lastKnownFileType = sourcecode.swift; path = UIView.swift; sourceTree = "<group>"; };
		0307018C22B138320031E317 /* UITableView.swift */ = {isa = PBXFileReference; fileEncoding = 4; lastKnownFileType = sourcecode.swift; path = UITableView.swift; sourceTree = "<group>"; };
		0307018D22B138320031E317 /* UITableViewCell.swift */ = {isa = PBXFileReference; fileEncoding = 4; lastKnownFileType = sourcecode.swift; path = UITableViewCell.swift; sourceTree = "<group>"; };
		0307018E22B138320031E317 /* UIImage.swift */ = {isa = PBXFileReference; fileEncoding = 4; lastKnownFileType = sourcecode.swift; path = UIImage.swift; sourceTree = "<group>"; };
		0307019122B138320031E317 /* FrontServiceLocator.swift */ = {isa = PBXFileReference; fileEncoding = 4; lastKnownFileType = sourcecode.swift; path = FrontServiceLocator.swift; sourceTree = "<group>"; };
		0307019622B138320031E317 /* FlowControllerServiceLocator.swift */ = {isa = PBXFileReference; fileEncoding = 4; lastKnownFileType = sourcecode.swift; path = FlowControllerServiceLocator.swift; sourceTree = "<group>"; };
		0307019722B138320031E317 /* FlowController.swift */ = {isa = PBXFileReference; fileEncoding = 4; lastKnownFileType = sourcecode.swift; path = FlowController.swift; sourceTree = "<group>"; };
		030701A022B138320031E317 /* BaseViewController.swift */ = {isa = PBXFileReference; fileEncoding = 4; lastKnownFileType = sourcecode.swift; path = BaseViewController.swift; sourceTree = "<group>"; };
		030701A122B138320031E317 /* Presenter.swift */ = {isa = PBXFileReference; fileEncoding = 4; lastKnownFileType = sourcecode.swift; path = Presenter.swift; sourceTree = "<group>"; };
		030701BC22B1383B0031E317 /* ServiceLocator.swift */ = {isa = PBXFileReference; fileEncoding = 4; lastKnownFileType = sourcecode.swift; path = ServiceLocator.swift; sourceTree = "<group>"; };
		030701BE22B183CA0031E317 /* SearchViewController.swift */ = {isa = PBXFileReference; lastKnownFileType = sourcecode.swift; path = SearchViewController.swift; sourceTree = "<group>"; };
		030701BF22B183CA0031E317 /* SearchViewController.xib */ = {isa = PBXFileReference; lastKnownFileType = file.xib; path = SearchViewController.xib; sourceTree = "<group>"; };
		030701C222B184190031E317 /* SearchPresenter.swift */ = {isa = PBXFileReference; lastKnownFileType = sourcecode.swift; path = SearchPresenter.swift; sourceTree = "<group>"; };
		030701C422B1870D0031E317 /* WeatherRepository.swift */ = {isa = PBXFileReference; lastKnownFileType = sourcecode.swift; path = WeatherRepository.swift; sourceTree = "<group>"; };
		030701C622B18B410031E317 /* Climate.swift */ = {isa = PBXFileReference; lastKnownFileType = sourcecode.swift; path = Climate.swift; sourceTree = "<group>"; };
		030701C822B18D950031E317 /* CityClimateUseCase.swift */ = {isa = PBXFileReference; lastKnownFileType = sourcecode.swift; path = CityClimateUseCase.swift; sourceTree = "<group>"; };
		030701CB22B190530031E317 /* Loader.xib */ = {isa = PBXFileReference; fileEncoding = 4; lastKnownFileType = file.xib; path = Loader.xib; sourceTree = "<group>"; };
		030701CC22B190530031E317 /* Loader.swift */ = {isa = PBXFileReference; fileEncoding = 4; lastKnownFileType = sourcecode.swift; path = Loader.swift; sourceTree = "<group>"; };
		04DE813BC120B59C3AF08BD3 /* Pods_Weather.framework */ = {isa = PBXFileReference; explicitFileType = wrapper.framework; includeInIndex = 0; path = Pods_Weather.framework; sourceTree = BUILT_PRODUCTS_DIR; };
		12CC4BFD5A145AE4397A8E48 /* Pods-WeatherUITests.debug.xcconfig */ = {isa = PBXFileReference; includeInIndex = 1; lastKnownFileType = text.xcconfig; name = "Pods-WeatherUITests.debug.xcconfig"; path = "Target Support Files/Pods-WeatherUITests/Pods-WeatherUITests.debug.xcconfig"; sourceTree = "<group>"; };
		1BEEE5096A5A7E9DC559052A /* Pods-Weather.debug.xcconfig */ = {isa = PBXFileReference; includeInIndex = 1; lastKnownFileType = text.xcconfig; name = "Pods-Weather.debug.xcconfig"; path = "Target Support Files/Pods-Weather/Pods-Weather.debug.xcconfig"; sourceTree = "<group>"; };
		2F4402573E0A85F223F09725 /* Pods-Weather.release.xcconfig */ = {isa = PBXFileReference; includeInIndex = 1; lastKnownFileType = text.xcconfig; name = "Pods-Weather.release.xcconfig"; path = "Target Support Files/Pods-Weather/Pods-Weather.release.xcconfig"; sourceTree = "<group>"; };
		455E92D0CD34F7AA33FE713C /* Pods_WeatherTests.framework */ = {isa = PBXFileReference; explicitFileType = wrapper.framework; includeInIndex = 0; path = Pods_WeatherTests.framework; sourceTree = BUILT_PRODUCTS_DIR; };
		9249E6DF55266C0785BFEAE8 /* Pods-WeatherTests.release.xcconfig */ = {isa = PBXFileReference; includeInIndex = 1; lastKnownFileType = text.xcconfig; name = "Pods-WeatherTests.release.xcconfig"; path = "Target Support Files/Pods-WeatherTests/Pods-WeatherTests.release.xcconfig"; sourceTree = "<group>"; };
		B296909E83DE7A686C5C0DFD /* Pods_WeatherUITests.framework */ = {isa = PBXFileReference; explicitFileType = wrapper.framework; includeInIndex = 0; path = Pods_WeatherUITests.framework; sourceTree = BUILT_PRODUCTS_DIR; };
		B50ACB0C1AC145D3BEF497E1 /* Pods-WeatherTests.debug.xcconfig */ = {isa = PBXFileReference; includeInIndex = 1; lastKnownFileType = text.xcconfig; name = "Pods-WeatherTests.debug.xcconfig"; path = "Target Support Files/Pods-WeatherTests/Pods-WeatherTests.debug.xcconfig"; sourceTree = "<group>"; };
		F80045974840B6F1C0CEBE75 /* Pods-WeatherUITests.release.xcconfig */ = {isa = PBXFileReference; includeInIndex = 1; lastKnownFileType = text.xcconfig; name = "Pods-WeatherUITests.release.xcconfig"; path = "Target Support Files/Pods-WeatherUITests/Pods-WeatherUITests.release.xcconfig"; sourceTree = "<group>"; };
/* End PBXFileReference section */

/* Begin PBXFrameworksBuildPhase section */
		0307014222B1366B0031E317 /* Frameworks */ = {
			isa = PBXFrameworksBuildPhase;
			buildActionMask = 2147483647;
			files = (
				14157CE78A4DEA8D55DF8919 /* Pods_Weather.framework in Frameworks */,
			);
			runOnlyForDeploymentPostprocessing = 0;
		};
		0307015622B1366E0031E317 /* Frameworks */ = {
			isa = PBXFrameworksBuildPhase;
			buildActionMask = 2147483647;
			files = (
				4F8128655C3414B586B78AB8 /* Pods_WeatherTests.framework in Frameworks */,
			);
			runOnlyForDeploymentPostprocessing = 0;
		};
		0307016122B1366E0031E317 /* Frameworks */ = {
			isa = PBXFrameworksBuildPhase;
			buildActionMask = 2147483647;
			files = (
				8DD98F22B93A4164C2C6608B /* Pods_WeatherUITests.framework in Frameworks */,
			);
			runOnlyForDeploymentPostprocessing = 0;
		};
/* End PBXFrameworksBuildPhase section */

/* Begin PBXGroup section */
		0307013C22B1366B0031E317 = {
			isa = PBXGroup;
			children = (
				0307014722B1366B0031E317 /* Weather */,
				0307015C22B1366E0031E317 /* WeatherTests */,
				0307016722B1366E0031E317 /* WeatherUITests */,
				0307014622B1366B0031E317 /* Products */,
				4B4624242DFF8DCB36EBF94F /* Pods */,
				BFE1C801CF7CCCBE66BDBF52 /* Frameworks */,
			);
			sourceTree = "<group>";
		};
		0307014622B1366B0031E317 /* Products */ = {
			isa = PBXGroup;
			children = (
				0307014522B1366B0031E317 /* Weather.app */,
				0307015922B1366E0031E317 /* WeatherTests.xctest */,
				0307016422B1366E0031E317 /* WeatherUITests.xctest */,
			);
			name = Products;
			sourceTree = "<group>";
		};
		0307014722B1366B0031E317 /* Weather */ = {
			isa = PBXGroup;
			children = (
				0307017722B138320031E317 /* Common */,
				0307017C22B138320031E317 /* Core */,
				0307018922B138320031E317 /* Front */,
				030701BB22B1383B0031E317 /* ServiceLocator */,
				0307015422B1366E0031E317 /* Info.plist */,
				0307014822B1366B0031E317 /* AppDelegate.swift */,
				0307014C22B1366B0031E317 /* Main.storyboard */,
				0307014F22B1366E0031E317 /* Assets.xcassets */,
				0307015122B1366E0031E317 /* LaunchScreen.storyboard */,
			);
			path = Weather;
			sourceTree = "<group>";
		};
		0307015C22B1366E0031E317 /* WeatherTests */ = {
			isa = PBXGroup;
			children = (
				0307015D22B1366E0031E317 /* WeatherTests.swift */,
				0307015F22B1366E0031E317 /* Info.plist */,
			);
			path = WeatherTests;
			sourceTree = "<group>";
		};
		0307016722B1366E0031E317 /* WeatherUITests */ = {
			isa = PBXGroup;
			children = (
				0307016822B1366E0031E317 /* WeatherUITests.swift */,
				0307016A22B1366E0031E317 /* Info.plist */,
			);
			path = WeatherUITests;
			sourceTree = "<group>";
		};
		0307017722B138320031E317 /* Common */ = {
			isa = PBXGroup;
			children = (
				0307017A22B138320031E317 /* Contants.swift */,
			);
			path = Common;
			sourceTree = "<group>";
		};
		0307017C22B138320031E317 /* Core */ = {
			isa = PBXGroup;
			children = (
				0307017D22B138320031E317 /* Repository */,
				0307017F22B138320031E317 /* ServiceLocator */,
				0307018122B138320031E317 /* Common */,
				0307018322B138320031E317 /* Model */,
				0307018522B138320031E317 /* UseCase */,
				0307018722B138320031E317 /* Base */,
			);
			path = Core;
			sourceTree = "<group>";
		};
		0307017D22B138320031E317 /* Repository */ = {
			isa = PBXGroup;
			children = (
				030701C422B1870D0031E317 /* WeatherRepository.swift */,
			);
			path = Repository;
			sourceTree = "<group>";
		};
		0307017F22B138320031E317 /* ServiceLocator */ = {
			isa = PBXGroup;
			children = (
				0307018022B138320031E317 /* CoreServiceLocator.swift */,
			);
			path = ServiceLocator;
			sourceTree = "<group>";
		};
		0307018122B138320031E317 /* Common */ = {
			isa = PBXGroup;
			children = (
				0307018222B138320031E317 /* Error.swift */,
			);
			path = Common;
			sourceTree = "<group>";
		};
		0307018322B138320031E317 /* Model */ = {
			isa = PBXGroup;
			children = (
				030701C622B18B410031E317 /* Climate.swift */,
			);
			path = Model;
			sourceTree = "<group>";
		};
		0307018522B138320031E317 /* UseCase */ = {
			isa = PBXGroup;
			children = (
				030701C822B18D950031E317 /* CityClimateUseCase.swift */,
			);
			path = UseCase;
			sourceTree = "<group>";
		};
		0307018722B138320031E317 /* Base */ = {
			isa = PBXGroup;
			children = (
				0307018822B138320031E317 /* BaseApiManager.swift */,
			);
			path = Base;
			sourceTree = "<group>";
		};
		0307018922B138320031E317 /* Front */ = {
			isa = PBXGroup;
			children = (
				0307018A22B138320031E317 /* Extension */,
				0307018F22B138320031E317 /* Common */,
				0307019822B138320031E317 /* ViewController */,
				0307019F22B138320031E317 /* Base */,
			);
			path = Front;
			sourceTree = "<group>";
		};
		0307018A22B138320031E317 /* Extension */ = {
			isa = PBXGroup;
			children = (
				0307018B22B138320031E317 /* UIView.swift */,
				0307018C22B138320031E317 /* UITableView.swift */,
				0307018D22B138320031E317 /* UITableViewCell.swift */,
				0307018E22B138320031E317 /* UIImage.swift */,
			);
			path = Extension;
			sourceTree = "<group>";
		};
		0307018F22B138320031E317 /* Common */ = {
			isa = PBXGroup;
			children = (
				030701CA22B190530031E317 /* Loader */,
				0307019022B138320031E317 /* ServiceLocator */,
				0307019522B138320031E317 /* Flow */,
			);
			path = Common;
			sourceTree = "<group>";
		};
		0307019022B138320031E317 /* ServiceLocator */ = {
			isa = PBXGroup;
			children = (
				0307019122B138320031E317 /* FrontServiceLocator.swift */,
			);
			path = ServiceLocator;
			sourceTree = "<group>";
		};
		0307019522B138320031E317 /* Flow */ = {
			isa = PBXGroup;
			children = (
				0307019622B138320031E317 /* FlowControllerServiceLocator.swift */,
				0307019722B138320031E317 /* FlowController.swift */,
			);
			path = Flow;
			sourceTree = "<group>";
		};
		0307019822B138320031E317 /* ViewController */ = {
			isa = PBXGroup;
			children = (
				030701BE22B183CA0031E317 /* SearchViewController.swift */,
				030701BF22B183CA0031E317 /* SearchViewController.xib */,
				030701C222B184190031E317 /* SearchPresenter.swift */,
			);
			path = ViewController;
			sourceTree = "<group>";
		};
		0307019F22B138320031E317 /* Base */ = {
			isa = PBXGroup;
			children = (
				030701A022B138320031E317 /* BaseViewController.swift */,
				030701A122B138320031E317 /* Presenter.swift */,
			);
			path = Base;
			sourceTree = "<group>";
		};
		030701BB22B1383B0031E317 /* ServiceLocator */ = {
			isa = PBXGroup;
			children = (
				030701BC22B1383B0031E317 /* ServiceLocator.swift */,
			);
			path = ServiceLocator;
			sourceTree = "<group>";
		};
		030701CA22B190530031E317 /* Loader */ = {
			isa = PBXGroup;
			children = (
				030701CB22B190530031E317 /* Loader.xib */,
				030701CC22B190530031E317 /* Loader.swift */,
			);
			path = Loader;
			sourceTree = "<group>";
		};
		4B4624242DFF8DCB36EBF94F /* Pods */ = {
			isa = PBXGroup;
			children = (
				1BEEE5096A5A7E9DC559052A /* Pods-Weather.debug.xcconfig */,
				2F4402573E0A85F223F09725 /* Pods-Weather.release.xcconfig */,
				B50ACB0C1AC145D3BEF497E1 /* Pods-WeatherTests.debug.xcconfig */,
				9249E6DF55266C0785BFEAE8 /* Pods-WeatherTests.release.xcconfig */,
				12CC4BFD5A145AE4397A8E48 /* Pods-WeatherUITests.debug.xcconfig */,
				F80045974840B6F1C0CEBE75 /* Pods-WeatherUITests.release.xcconfig */,
			);
			path = Pods;
			sourceTree = "<group>";
		};
		BFE1C801CF7CCCBE66BDBF52 /* Frameworks */ = {
			isa = PBXGroup;
			children = (
				04DE813BC120B59C3AF08BD3 /* Pods_Weather.framework */,
				455E92D0CD34F7AA33FE713C /* Pods_WeatherTests.framework */,
				B296909E83DE7A686C5C0DFD /* Pods_WeatherUITests.framework */,
			);
			name = Frameworks;
			sourceTree = "<group>";
		};
/* End PBXGroup section */

/* Begin PBXNativeTarget section */
		0307014422B1366B0031E317 /* Weather */ = {
			isa = PBXNativeTarget;
			buildConfigurationList = 0307016D22B1366E0031E317 /* Build configuration list for PBXNativeTarget "Weather" */;
			buildPhases = (
				518860A5362668B0A1505D77 /* [CP] Check Pods Manifest.lock */,
				0307014122B1366B0031E317 /* Sources */,
				0307014222B1366B0031E317 /* Frameworks */,
				0307014322B1366B0031E317 /* Resources */,
				B79C1E8E57B2C00A5C984E8D /* [CP] Embed Pods Frameworks */,
			);
			buildRules = (
			);
			dependencies = (
			);
			name = Weather;
			productName = Weather;
			productReference = 0307014522B1366B0031E317 /* Weather.app */;
			productType = "com.apple.product-type.application";
		};
		0307015822B1366E0031E317 /* WeatherTests */ = {
			isa = PBXNativeTarget;
			buildConfigurationList = 0307017022B1366E0031E317 /* Build configuration list for PBXNativeTarget "WeatherTests" */;
			buildPhases = (
				295693987E6FFFA0832B6596 /* [CP] Check Pods Manifest.lock */,
				0307015522B1366E0031E317 /* Sources */,
				0307015622B1366E0031E317 /* Frameworks */,
				0307015722B1366E0031E317 /* Resources */,
			);
			buildRules = (
			);
			dependencies = (
				0307015B22B1366E0031E317 /* PBXTargetDependency */,
			);
			name = WeatherTests;
			productName = WeatherTests;
			productReference = 0307015922B1366E0031E317 /* WeatherTests.xctest */;
			productType = "com.apple.product-type.bundle.unit-test";
		};
		0307016322B1366E0031E317 /* WeatherUITests */ = {
			isa = PBXNativeTarget;
			buildConfigurationList = 0307017322B1366E0031E317 /* Build configuration list for PBXNativeTarget "WeatherUITests" */;
			buildPhases = (
				F161C1A6478F501C3BD00AA2 /* [CP] Check Pods Manifest.lock */,
				0307016022B1366E0031E317 /* Sources */,
				0307016122B1366E0031E317 /* Frameworks */,
				0307016222B1366E0031E317 /* Resources */,
			);
			buildRules = (
			);
			dependencies = (
				0307016622B1366E0031E317 /* PBXTargetDependency */,
			);
			name = WeatherUITests;
			productName = WeatherUITests;
			productReference = 0307016422B1366E0031E317 /* WeatherUITests.xctest */;
			productType = "com.apple.product-type.bundle.ui-testing";
		};
/* End PBXNativeTarget section */

/* Begin PBXProject section */
		0307013D22B1366B0031E317 /* Project object */ = {
			isa = PBXProject;
			attributes = {
				LastSwiftUpdateCheck = 1020;
				LastUpgradeCheck = 1020;
				ORGANIZATIONNAME = Nicolas;
				TargetAttributes = {
					0307014422B1366B0031E317 = {
						CreatedOnToolsVersion = 10.2.1;
					};
					0307015822B1366E0031E317 = {
						CreatedOnToolsVersion = 10.2.1;
						TestTargetID = 0307014422B1366B0031E317;
					};
					0307016322B1366E0031E317 = {
						CreatedOnToolsVersion = 10.2.1;
						TestTargetID = 0307014422B1366B0031E317;
					};
				};
			};
			buildConfigurationList = 0307014022B1366B0031E317 /* Build configuration list for PBXProject "Weather" */;
			compatibilityVersion = "Xcode 9.3";
			developmentRegion = en;
			hasScannedForEncodings = 0;
			knownRegions = (
				en,
				Base,
			);
			mainGroup = 0307013C22B1366B0031E317;
			productRefGroup = 0307014622B1366B0031E317 /* Products */;
			projectDirPath = "";
			projectRoot = "";
			targets = (
				0307014422B1366B0031E317 /* Weather */,
				0307015822B1366E0031E317 /* WeatherTests */,
				0307016322B1366E0031E317 /* WeatherUITests */,
			);
		};
/* End PBXProject section */

/* Begin PBXResourcesBuildPhase section */
		0307014322B1366B0031E317 /* Resources */ = {
			isa = PBXResourcesBuildPhase;
			buildActionMask = 2147483647;
			files = (
				0307015322B1366E0031E317 /* LaunchScreen.storyboard in Resources */,
				030701CD22B190530031E317 /* Loader.xib in Resources */,
				0307015022B1366E0031E317 /* Assets.xcassets in Resources */,
				0307014E22B1366B0031E317 /* Main.storyboard in Resources */,
				030701C122B183CA0031E317 /* SearchViewController.xib in Resources */,
			);
			runOnlyForDeploymentPostprocessing = 0;
		};
		0307015722B1366E0031E317 /* Resources */ = {
			isa = PBXResourcesBuildPhase;
			buildActionMask = 2147483647;
			files = (
			);
			runOnlyForDeploymentPostprocessing = 0;
		};
		0307016222B1366E0031E317 /* Resources */ = {
			isa = PBXResourcesBuildPhase;
			buildActionMask = 2147483647;
			files = (
			);
			runOnlyForDeploymentPostprocessing = 0;
		};
/* End PBXResourcesBuildPhase section */

/* Begin PBXShellScriptBuildPhase section */
		295693987E6FFFA0832B6596 /* [CP] Check Pods Manifest.lock */ = {
			isa = PBXShellScriptBuildPhase;
			buildActionMask = 2147483647;
			files = (
			);
			inputFileListPaths = (
			);
			inputPaths = (
				"${PODS_PODFILE_DIR_PATH}/Podfile.lock",
				"${PODS_ROOT}/Manifest.lock",
			);
			name = "[CP] Check Pods Manifest.lock";
			outputFileListPaths = (
			);
			outputPaths = (
				"$(DERIVED_FILE_DIR)/Pods-WeatherTests-checkManifestLockResult.txt",
			);
			runOnlyForDeploymentPostprocessing = 0;
			shellPath = /bin/sh;
			shellScript = "diff \"${PODS_PODFILE_DIR_PATH}/Podfile.lock\" \"${PODS_ROOT}/Manifest.lock\" > /dev/null\nif [ $? != 0 ] ; then\n    # print error to STDERR\n    echo \"error: The sandbox is not in sync with the Podfile.lock. Run 'pod install' or update your CocoaPods installation.\" >&2\n    exit 1\nfi\n# This output is used by Xcode 'outputs' to avoid re-running this script phase.\necho \"SUCCESS\" > \"${SCRIPT_OUTPUT_FILE_0}\"\n";
			showEnvVarsInLog = 0;
		};
		518860A5362668B0A1505D77 /* [CP] Check Pods Manifest.lock */ = {
			isa = PBXShellScriptBuildPhase;
			buildActionMask = 2147483647;
			files = (
			);
			inputFileListPaths = (
			);
			inputPaths = (
				"${PODS_PODFILE_DIR_PATH}/Podfile.lock",
				"${PODS_ROOT}/Manifest.lock",
			);
			name = "[CP] Check Pods Manifest.lock";
			outputFileListPaths = (
			);
			outputPaths = (
				"$(DERIVED_FILE_DIR)/Pods-Weather-checkManifestLockResult.txt",
			);
			runOnlyForDeploymentPostprocessing = 0;
			shellPath = /bin/sh;
			shellScript = "diff \"${PODS_PODFILE_DIR_PATH}/Podfile.lock\" \"${PODS_ROOT}/Manifest.lock\" > /dev/null\nif [ $? != 0 ] ; then\n    # print error to STDERR\n    echo \"error: The sandbox is not in sync with the Podfile.lock. Run 'pod install' or update your CocoaPods installation.\" >&2\n    exit 1\nfi\n# This output is used by Xcode 'outputs' to avoid re-running this script phase.\necho \"SUCCESS\" > \"${SCRIPT_OUTPUT_FILE_0}\"\n";
			showEnvVarsInLog = 0;
		};
		B79C1E8E57B2C00A5C984E8D /* [CP] Embed Pods Frameworks */ = {
			isa = PBXShellScriptBuildPhase;
			buildActionMask = 2147483647;
			files = (
			);
			inputFileListPaths = (
			);
			inputPaths = (
				"${PODS_ROOT}/Target Support Files/Pods-Weather/Pods-Weather-frameworks.sh",
				"${BUILT_PRODUCTS_DIR}/Alamofire/Alamofire.framework",
				"${BUILT_PRODUCTS_DIR}/PromiseKit/PromiseKit.framework",
			);
			name = "[CP] Embed Pods Frameworks";
			outputFileListPaths = (
			);
			outputPaths = (
				"${TARGET_BUILD_DIR}/${FRAMEWORKS_FOLDER_PATH}/Alamofire.framework",
				"${TARGET_BUILD_DIR}/${FRAMEWORKS_FOLDER_PATH}/PromiseKit.framework",
			);
			runOnlyForDeploymentPostprocessing = 0;
			shellPath = /bin/sh;
			shellScript = "\"${PODS_ROOT}/Target Support Files/Pods-Weather/Pods-Weather-frameworks.sh\"\n";
			showEnvVarsInLog = 0;
		};
		F161C1A6478F501C3BD00AA2 /* [CP] Check Pods Manifest.lock */ = {
			isa = PBXShellScriptBuildPhase;
			buildActionMask = 2147483647;
			files = (
			);
			inputFileListPaths = (
			);
			inputPaths = (
				"${PODS_PODFILE_DIR_PATH}/Podfile.lock",
				"${PODS_ROOT}/Manifest.lock",
			);
			name = "[CP] Check Pods Manifest.lock";
			outputFileListPaths = (
			);
			outputPaths = (
				"$(DERIVED_FILE_DIR)/Pods-WeatherUITests-checkManifestLockResult.txt",
			);
			runOnlyForDeploymentPostprocessing = 0;
			shellPath = /bin/sh;
			shellScript = "diff \"${PODS_PODFILE_DIR_PATH}/Podfile.lock\" \"${PODS_ROOT}/Manifest.lock\" > /dev/null\nif [ $? != 0 ] ; then\n    # print error to STDERR\n    echo \"error: The sandbox is not in sync with the Podfile.lock. Run 'pod install' or update your CocoaPods installation.\" >&2\n    exit 1\nfi\n# This output is used by Xcode 'outputs' to avoid re-running this script phase.\necho \"SUCCESS\" > \"${SCRIPT_OUTPUT_FILE_0}\"\n";
			showEnvVarsInLog = 0;
		};
/* End PBXShellScriptBuildPhase section */

/* Begin PBXSourcesBuildPhase section */
		0307014122B1366B0031E317 /* Sources */ = {
			isa = PBXSourcesBuildPhase;
			buildActionMask = 2147483647;
			files = (
				030701C522B1870D0031E317 /* WeatherRepository.swift in Sources */,
				030701AA22B138320031E317 /* BaseApiManager.swift in Sources */,
				030701AB22B138320031E317 /* UIView.swift in Sources */,
				030701AF22B138330031E317 /* FrontServiceLocator.swift in Sources */,
				030701A622B138320031E317 /* CoreServiceLocator.swift in Sources */,
				030701CE22B190530031E317 /* Loader.swift in Sources */,
				030701AC22B138320031E317 /* UITableView.swift in Sources */,
				030701BA22B138330031E317 /* Presenter.swift in Sources */,
				030701B222B138330031E317 /* FlowControllerServiceLocator.swift in Sources */,
				030701BD22B1383B0031E317 /* ServiceLocator.swift in Sources */,
				0307014922B1366B0031E317 /* AppDelegate.swift in Sources */,
				030701B922B138330031E317 /* BaseViewController.swift in Sources */,
				030701C022B183CA0031E317 /* SearchViewController.swift in Sources */,
				030701B322B138330031E317 /* FlowController.swift in Sources */,
				030701A722B138320031E317 /* Error.swift in Sources */,
				030701A322B138320031E317 /* Contants.swift in Sources */,
				030701C722B18B410031E317 /* Climate.swift in Sources */,
				030701C922B18D950031E317 /* CityClimateUseCase.swift in Sources */,
				030701C322B184190031E317 /* SearchPresenter.swift in Sources */,
				030701AD22B138320031E317 /* UITableViewCell.swift in Sources */,
				030701AE22B138320031E317 /* UIImage.swift in Sources */,
			);
			runOnlyForDeploymentPostprocessing = 0;
		};
		0307015522B1366E0031E317 /* Sources */ = {
			isa = PBXSourcesBuildPhase;
			buildActionMask = 2147483647;
			files = (
				0307015E22B1366E0031E317 /* WeatherTests.swift in Sources */,
			);
			runOnlyForDeploymentPostprocessing = 0;
		};
		0307016022B1366E0031E317 /* Sources */ = {
			isa = PBXSourcesBuildPhase;
			buildActionMask = 2147483647;
			files = (
				0307016922B1366E0031E317 /* WeatherUITests.swift in Sources */,
			);
			runOnlyForDeploymentPostprocessing = 0;
		};
/* End PBXSourcesBuildPhase section */

/* Begin PBXTargetDependency section */
		0307015B22B1366E0031E317 /* PBXTargetDependency */ = {
			isa = PBXTargetDependency;
			target = 0307014422B1366B0031E317 /* Weather */;
			targetProxy = 0307015A22B1366E0031E317 /* PBXContainerItemProxy */;
		};
		0307016622B1366E0031E317 /* PBXTargetDependency */ = {
			isa = PBXTargetDependency;
			target = 0307014422B1366B0031E317 /* Weather */;
			targetProxy = 0307016522B1366E0031E317 /* PBXContainerItemProxy */;
		};
/* End PBXTargetDependency section */

/* Begin PBXVariantGroup section */
		0307014C22B1366B0031E317 /* Main.storyboard */ = {
			isa = PBXVariantGroup;
			children = (
				0307014D22B1366B0031E317 /* Base */,
			);
			name = Main.storyboard;
			sourceTree = "<group>";
		};
		0307015122B1366E0031E317 /* LaunchScreen.storyboard */ = {
			isa = PBXVariantGroup;
			children = (
				0307015222B1366E0031E317 /* Base */,
			);
			name = LaunchScreen.storyboard;
			sourceTree = "<group>";
		};
/* End PBXVariantGroup section */

/* Begin XCBuildConfiguration section */
		0307016B22B1366E0031E317 /* Debug */ = {
			isa = XCBuildConfiguration;
			buildSettings = {
				ALWAYS_SEARCH_USER_PATHS = NO;
				CLANG_ANALYZER_NONNULL = YES;
				CLANG_ANALYZER_NUMBER_OBJECT_CONVERSION = YES_AGGRESSIVE;
				CLANG_CXX_LANGUAGE_STANDARD = "gnu++14";
				CLANG_CXX_LIBRARY = "libc++";
				CLANG_ENABLE_MODULES = YES;
				CLANG_ENABLE_OBJC_ARC = YES;
				CLANG_ENABLE_OBJC_WEAK = YES;
				CLANG_WARN_BLOCK_CAPTURE_AUTORELEASING = YES;
				CLANG_WARN_BOOL_CONVERSION = YES;
				CLANG_WARN_COMMA = YES;
				CLANG_WARN_CONSTANT_CONVERSION = YES;
				CLANG_WARN_DEPRECATED_OBJC_IMPLEMENTATIONS = YES;
				CLANG_WARN_DIRECT_OBJC_ISA_USAGE = YES_ERROR;
				CLANG_WARN_DOCUMENTATION_COMMENTS = YES;
				CLANG_WARN_EMPTY_BODY = YES;
				CLANG_WARN_ENUM_CONVERSION = YES;
				CLANG_WARN_INFINITE_RECURSION = YES;
				CLANG_WARN_INT_CONVERSION = YES;
				CLANG_WARN_NON_LITERAL_NULL_CONVERSION = YES;
				CLANG_WARN_OBJC_IMPLICIT_RETAIN_SELF = YES;
				CLANG_WARN_OBJC_LITERAL_CONVERSION = YES;
				CLANG_WARN_OBJC_ROOT_CLASS = YES_ERROR;
				CLANG_WARN_RANGE_LOOP_ANALYSIS = YES;
				CLANG_WARN_STRICT_PROTOTYPES = YES;
				CLANG_WARN_SUSPICIOUS_MOVE = YES;
				CLANG_WARN_UNGUARDED_AVAILABILITY = YES_AGGRESSIVE;
				CLANG_WARN_UNREACHABLE_CODE = YES;
				CLANG_WARN__DUPLICATE_METHOD_MATCH = YES;
				CODE_SIGN_IDENTITY = "iPhone Developer";
				COPY_PHASE_STRIP = NO;
				DEBUG_INFORMATION_FORMAT = dwarf;
				ENABLE_STRICT_OBJC_MSGSEND = YES;
				ENABLE_TESTABILITY = YES;
				GCC_C_LANGUAGE_STANDARD = gnu11;
				GCC_DYNAMIC_NO_PIC = NO;
				GCC_NO_COMMON_BLOCKS = YES;
				GCC_OPTIMIZATION_LEVEL = 0;
				GCC_PREPROCESSOR_DEFINITIONS = (
					"DEBUG=1",
					"$(inherited)",
				);
				GCC_WARN_64_TO_32_BIT_CONVERSION = YES;
				GCC_WARN_ABOUT_RETURN_TYPE = YES_ERROR;
				GCC_WARN_UNDECLARED_SELECTOR = YES;
				GCC_WARN_UNINITIALIZED_AUTOS = YES_AGGRESSIVE;
				GCC_WARN_UNUSED_FUNCTION = YES;
				GCC_WARN_UNUSED_VARIABLE = YES;
				IPHONEOS_DEPLOYMENT_TARGET = 12.2;
				MTL_ENABLE_DEBUG_INFO = INCLUDE_SOURCE;
				MTL_FAST_MATH = YES;
				ONLY_ACTIVE_ARCH = YES;
				SDKROOT = iphoneos;
				SWIFT_ACTIVE_COMPILATION_CONDITIONS = DEBUG;
				SWIFT_OPTIMIZATION_LEVEL = "-Onone";
			};
			name = Debug;
		};
		0307016C22B1366E0031E317 /* Release */ = {
			isa = XCBuildConfiguration;
			buildSettings = {
				ALWAYS_SEARCH_USER_PATHS = NO;
				CLANG_ANALYZER_NONNULL = YES;
				CLANG_ANALYZER_NUMBER_OBJECT_CONVERSION = YES_AGGRESSIVE;
				CLANG_CXX_LANGUAGE_STANDARD = "gnu++14";
				CLANG_CXX_LIBRARY = "libc++";
				CLANG_ENABLE_MODULES = YES;
				CLANG_ENABLE_OBJC_ARC = YES;
				CLANG_ENABLE_OBJC_WEAK = YES;
				CLANG_WARN_BLOCK_CAPTURE_AUTORELEASING = YES;
				CLANG_WARN_BOOL_CONVERSION = YES;
				CLANG_WARN_COMMA = YES;
				CLANG_WARN_CONSTANT_CONVERSION = YES;
				CLANG_WARN_DEPRECATED_OBJC_IMPLEMENTATIONS = YES;
				CLANG_WARN_DIRECT_OBJC_ISA_USAGE = YES_ERROR;
				CLANG_WARN_DOCUMENTATION_COMMENTS = YES;
				CLANG_WARN_EMPTY_BODY = YES;
				CLANG_WARN_ENUM_CONVERSION = YES;
				CLANG_WARN_INFINITE_RECURSION = YES;
				CLANG_WARN_INT_CONVERSION = YES;
				CLANG_WARN_NON_LITERAL_NULL_CONVERSION = YES;
				CLANG_WARN_OBJC_IMPLICIT_RETAIN_SELF = YES;
				CLANG_WARN_OBJC_LITERAL_CONVERSION = YES;
				CLANG_WARN_OBJC_ROOT_CLASS = YES_ERROR;
				CLANG_WARN_RANGE_LOOP_ANALYSIS = YES;
				CLANG_WARN_STRICT_PROTOTYPES = YES;
				CLANG_WARN_SUSPICIOUS_MOVE = YES;
				CLANG_WARN_UNGUARDED_AVAILABILITY = YES_AGGRESSIVE;
				CLANG_WARN_UNREACHABLE_CODE = YES;
				CLANG_WARN__DUPLICATE_METHOD_MATCH = YES;
				CODE_SIGN_IDENTITY = "iPhone Developer";
				COPY_PHASE_STRIP = NO;
				DEBUG_INFORMATION_FORMAT = "dwarf-with-dsym";
				ENABLE_NS_ASSERTIONS = NO;
				ENABLE_STRICT_OBJC_MSGSEND = YES;
				GCC_C_LANGUAGE_STANDARD = gnu11;
				GCC_NO_COMMON_BLOCKS = YES;
				GCC_WARN_64_TO_32_BIT_CONVERSION = YES;
				GCC_WARN_ABOUT_RETURN_TYPE = YES_ERROR;
				GCC_WARN_UNDECLARED_SELECTOR = YES;
				GCC_WARN_UNINITIALIZED_AUTOS = YES_AGGRESSIVE;
				GCC_WARN_UNUSED_FUNCTION = YES;
				GCC_WARN_UNUSED_VARIABLE = YES;
				IPHONEOS_DEPLOYMENT_TARGET = 12.2;
				MTL_ENABLE_DEBUG_INFO = NO;
				MTL_FAST_MATH = YES;
				SDKROOT = iphoneos;
				SWIFT_COMPILATION_MODE = wholemodule;
				SWIFT_OPTIMIZATION_LEVEL = "-O";
				VALIDATE_PRODUCT = YES;
			};
			name = Release;
		};
		0307016E22B1366E0031E317 /* Debug */ = {
			isa = XCBuildConfiguration;
			baseConfigurationReference = 1BEEE5096A5A7E9DC559052A /* Pods-Weather.debug.xcconfig */;
			buildSettings = {
				ASSETCATALOG_COMPILER_APPICON_NAME = AppIcon;
				CODE_SIGN_STYLE = Automatic;
				INFOPLIST_FILE = Weather/Info.plist;
				LD_RUNPATH_SEARCH_PATHS = (
					"$(inherited)",
					"@executable_path/Frameworks",
				);
				PRODUCT_BUNDLE_IDENTIFIER = nico.Weather;
				PRODUCT_NAME = "$(TARGET_NAME)";
				SWIFT_VERSION = 5.0;
				TARGETED_DEVICE_FAMILY = "1,2";
			};
			name = Debug;
		};
		0307016F22B1366E0031E317 /* Release */ = {
			isa = XCBuildConfiguration;
			baseConfigurationReference = 2F4402573E0A85F223F09725 /* Pods-Weather.release.xcconfig */;
			buildSettings = {
				ASSETCATALOG_COMPILER_APPICON_NAME = AppIcon;
				CODE_SIGN_STYLE = Automatic;
				INFOPLIST_FILE = Weather/Info.plist;
				LD_RUNPATH_SEARCH_PATHS = (
					"$(inherited)",
					"@executable_path/Frameworks",
				);
				PRODUCT_BUNDLE_IDENTIFIER = nico.Weather;
				PRODUCT_NAME = "$(TARGET_NAME)";
				SWIFT_VERSION = 5.0;
				TARGETED_DEVICE_FAMILY = "1,2";
			};
			name = Release;
		};
		0307017122B1366E0031E317 /* Debug */ = {
			isa = XCBuildConfiguration;
			baseConfigurationReference = B50ACB0C1AC145D3BEF497E1 /* Pods-WeatherTests.debug.xcconfig */;
			buildSettings = {
				ALWAYS_EMBED_SWIFT_STANDARD_LIBRARIES = YES;
				BUNDLE_LOADER = "$(TEST_HOST)";
				CODE_SIGN_STYLE = Automatic;
				INFOPLIST_FILE = WeatherTests/Info.plist;
				LD_RUNPATH_SEARCH_PATHS = (
					"$(inherited)",
					"@executable_path/Frameworks",
					"@loader_path/Frameworks",
				);
				PRODUCT_BUNDLE_IDENTIFIER = nico.WeatherTests;
				PRODUCT_NAME = "$(TARGET_NAME)";
				SWIFT_VERSION = 5.0;
				TARGETED_DEVICE_FAMILY = "1,2";
				TEST_HOST = "$(BUILT_PRODUCTS_DIR)/Weather.app/Weather";
			};
			name = Debug;
		};
		0307017222B1366E0031E317 /* Release */ = {
			isa = XCBuildConfiguration;
			baseConfigurationReference = 9249E6DF55266C0785BFEAE8 /* Pods-WeatherTests.release.xcconfig */;
			buildSettings = {
				ALWAYS_EMBED_SWIFT_STANDARD_LIBRARIES = YES;
				BUNDLE_LOADER = "$(TEST_HOST)";
				CODE_SIGN_STYLE = Automatic;
				INFOPLIST_FILE = WeatherTests/Info.plist;
				LD_RUNPATH_SEARCH_PATHS = (
					"$(inherited)",
					"@executable_path/Frameworks",
					"@loader_path/Frameworks",
				);
				PRODUCT_BUNDLE_IDENTIFIER = nico.WeatherTests;
				PRODUCT_NAME = "$(TARGET_NAME)";
				SWIFT_VERSION = 5.0;
				TARGETED_DEVICE_FAMILY = "1,2";
				TEST_HOST = "$(BUILT_PRODUCTS_DIR)/Weather.app/Weather";
			};
			name = Release;
		};
		0307017422B1366E0031E317 /* Debug */ = {
			isa = XCBuildConfiguration;
			baseConfigurationReference = 12CC4BFD5A145AE4397A8E48 /* Pods-WeatherUITests.debug.xcconfig */;
			buildSettings = {
				ALWAYS_EMBED_SWIFT_STANDARD_LIBRARIES = YES;
				CODE_SIGN_STYLE = Automatic;
				INFOPLIST_FILE = WeatherUITests/Info.plist;
				LD_RUNPATH_SEARCH_PATHS = (
					"$(inherited)",
					"@executable_path/Frameworks",
					"@loader_path/Frameworks",
				);
				PRODUCT_BUNDLE_IDENTIFIER = nico.WeatherUITests;
				PRODUCT_NAME = "$(TARGET_NAME)";
				SWIFT_VERSION = 5.0;
				TARGETED_DEVICE_FAMILY = "1,2";
				TEST_TARGET_NAME = Weather;
			};
			name = Debug;
		};
		0307017522B1366E0031E317 /* Release */ = {
			isa = XCBuildConfiguration;
			baseConfigurationReference = F80045974840B6F1C0CEBE75 /* Pods-WeatherUITests.release.xcconfig */;
			buildSettings = {
				ALWAYS_EMBED_SWIFT_STANDARD_LIBRARIES = YES;
				CODE_SIGN_STYLE = Automatic;
				INFOPLIST_FILE = WeatherUITests/Info.plist;
				LD_RUNPATH_SEARCH_PATHS = (
					"$(inherited)",
					"@executable_path/Frameworks",
					"@loader_path/Frameworks",
				);
				PRODUCT_BUNDLE_IDENTIFIER = nico.WeatherUITests;
				PRODUCT_NAME = "$(TARGET_NAME)";
				SWIFT_VERSION = 5.0;
				TARGETED_DEVICE_FAMILY = "1,2";
				TEST_TARGET_NAME = Weather;
			};
			name = Release;
		};
/* End XCBuildConfiguration section */

/* Begin XCConfigurationList section */
		0307014022B1366B0031E317 /* Build configuration list for PBXProject "Weather" */ = {
			isa = XCConfigurationList;
			buildConfigurations = (
				0307016B22B1366E0031E317 /* Debug */,
				0307016C22B1366E0031E317 /* Release */,
			);
			defaultConfigurationIsVisible = 0;
			defaultConfigurationName = Release;
		};
		0307016D22B1366E0031E317 /* Build configuration list for PBXNativeTarget "Weather" */ = {
			isa = XCConfigurationList;
			buildConfigurations = (
				0307016E22B1366E0031E317 /* Debug */,
				0307016F22B1366E0031E317 /* Release */,
			);
			defaultConfigurationIsVisible = 0;
			defaultConfigurationName = Release;
		};
		0307017022B1366E0031E317 /* Build configuration list for PBXNativeTarget "WeatherTests" */ = {
			isa = XCConfigurationList;
			buildConfigurations = (
				0307017122B1366E0031E317 /* Debug */,
				0307017222B1366E0031E317 /* Release */,
			);
			defaultConfigurationIsVisible = 0;
			defaultConfigurationName = Release;
		};
		0307017322B1366E0031E317 /* Build configuration list for PBXNativeTarget "WeatherUITests" */ = {
			isa = XCConfigurationList;
			buildConfigurations = (
				0307017422B1366E0031E317 /* Debug */,
				0307017522B1366E0031E317 /* Release */,
			);
			defaultConfigurationIsVisible = 0;
			defaultConfigurationName = Release;
		};
/* End XCConfigurationList section */
	};
	rootObject = 0307013D22B1366B0031E317 /* Project object */;
}
